
Microsoft Visual Studio Solution File, Format Version 12.00
# Visual Studio 15
VisualStudioVersion = 15.0.28307.271
MinimumVisualStudioVersion = 10.0.40219.1
Project("{8BC9CEB8-8B4A-11D0-8D11-00A0C91BC942}") = "Chain of Responsibility", "Chain of Responsibility\Chain of Responsibility.vcxproj", "{DDA6448A-EF68-4EEC-AC17-40CF14908601}"
EndProject
Global
	GlobalSection(SolutionConfigurationPlatforms) = preSolution
		Debug|x64 = Debug|x64
		Debug|x86 = Debug|x86
		Release|x64 = Release|x64
		Release|x86 = Release|x86
	EndGlobalSection
	GlobalSection(ProjectConfigurationPlatforms) = postSolution
		{DDA6448A-EF68-4EEC-AC17-40CF14908601}.Debug|x64.ActiveCfg = Debug|x64
		{DDA6448A-EF68-4EEC-AC17-40CF14908601}.Debug|x64.Build.0 = Debug|x64
		{DDA6448A-EF68-4EEC-AC17-40CF14908601}.Debug|x86.ActiveCfg = Debug|Win32
		{DDA6448A-EF68-4EEC-AC17-40CF14908601}.Debug|x86.Build.0 = Debug|Win32
		{DDA6448A-EF68-4EEC-AC17-40CF14908601}.Release|x64.ActiveCfg = Release|x64
		{DDA6448A-EF68-4EEC-AC17-40CF14908601}.Release|x64.Build.0 = Release|x64
		{DDA6448A-EF68-4EEC-AC17-40CF14908601}.Release|x86.ActiveCfg = Release|Win32
		{DDA6448A-EF68-4EEC-AC17-40CF14908601}.Release|x86.Build.0 = Release|Win32
	EndGlobalSection
	GlobalSection(SolutionProperties) = preSolution
		HideSolutionNode = FALSE
	EndGlobalSection
	GlobalSection(ExtensibilityGlobals) = postSolution
		SolutionGuid = {5A8EC11D-DEA3-4845-9978-8135FF8FAB26}
	EndGlobalSection
EndGlobal
